
Microsoft Visual Studio Solution File, Format Version 12.00
# Visual Studio 15
VisualStudioVersion = 15.0.26403.7
MinimumVisualStudioVersion = 10.0.40219.1
Project("{FAE04EC0-301F-11D3-BF4B-00C04F79EFBC}") = "HttpClient", "Networking\HttpClient.csproj", "{19BF4F3F-1A6B-4693-BB2F-443728113480}"
EndProject
Project("{FAE04EC0-301F-11D3-BF4B-00C04F79EFBC}") = "HttpServer", "Server\HttpServer.csproj", "{605483E4-67E9-40FE-A31C-305450AF6DAA}"
EndProject
Project("{FAE04EC0-301F-11D3-BF4B-00C04F79EFBC}") = "TcpCustomServer", "TcpCustomServer\TcpCustomServer.csproj", "{BB0EB134-DC2B-4FC4-97C2-EBACC56B500A}"
EndProject
Global
	GlobalSection(SolutionConfigurationPlatforms) = preSolution
		Debug|Any CPU = Debug|Any CPU
		Release|Any CPU = Release|Any CPU
	EndGlobalSection
	GlobalSection(ProjectConfigurationPlatforms) = postSolution
		{19BF4F3F-1A6B-4693-BB2F-443728113480}.Debug|Any CPU.ActiveCfg = Debug|Any CPU
		{19BF4F3F-1A6B-4693-BB2F-443728113480}.Debug|Any CPU.Build.0 = Debug|Any CPU
		{19BF4F3F-1A6B-4693-BB2F-443728113480}.Release|Any CPU.ActiveCfg = Release|Any CPU
		{19BF4F3F-1A6B-4693-BB2F-443728113480}.Release|Any CPU.Build.0 = Release|Any CPU
		{605483E4-67E9-40FE-A31C-305450AF6DAA}.Debug|Any CPU.ActiveCfg = Debug|Any CPU
		{605483E4-67E9-40FE-A31C-305450AF6DAA}.Debug|Any CPU.Build.0 = Debug|Any CPU
		{605483E4-67E9-40FE-A31C-305450AF6DAA}.Release|Any CPU.ActiveCfg = Release|Any CPU
		{605483E4-67E9-40FE-A31C-305450AF6DAA}.Release|Any CPU.Build.0 = Release|Any CPU
		{BB0EB134-DC2B-4FC4-97C2-EBACC56B500A}.Debug|Any CPU.ActiveCfg = Debug|Any CPU
		{BB0EB134-DC2B-4FC4-97C2-EBACC56B500A}.Debug|Any CPU.Build.0 = Debug|Any CPU
		{BB0EB134-DC2B-4FC4-97C2-EBACC56B500A}.Release|Any CPU.ActiveCfg = Release|Any CPU
		{BB0EB134-DC2B-4FC4-97C2-EBACC56B500A}.Release|Any CPU.Build.0 = Release|Any CPU
	EndGlobalSection
	GlobalSection(SolutionProperties) = preSolution
		HideSolutionNode = FALSE
	EndGlobalSection
EndGlobal
